
Microsoft Visual Studio Solution File, Format Version 12.00
# Visual Studio Version 17
VisualStudioVersion = 17.1.32319.34
MinimumVisualStudioVersion = 10.0.40219.1
Project("{9A19103F-16F7-4668-BE54-9A1E7A4F7556}") = "ClientApp", "ClientApp\ClientApp.csproj", "{550BCE91-8E9F-4B1A-8FE2-C4C6DB865F46}"
EndProject
Global
	GlobalSection(SolutionConfigurationPlatforms) = preSolution
		Debug|Any CPU = Debug|Any CPU
		Release|Any CPU = Release|Any CPU
	EndGlobalSection
	GlobalSection(ProjectConfigurationPlatforms) = postSolution
		{550BCE91-8E9F-4B1A-8FE2-C4C6DB865F46}.Debug|Any CPU.ActiveCfg = Debug|Any CPU
		{550BCE91-8E9F-4B1A-8FE2-C4C6DB865F46}.Debug|Any CPU.Build.0 = Debug|Any CPU
		{550BCE91-8E9F-4B1A-8FE2-C4C6DB865F46}.Release|Any CPU.ActiveCfg = Release|Any CPU
		{550BCE91-8E9F-4B1A-8FE2-C4C6DB865F46}.Release|Any CPU.Build.0 = Release|Any CPU
	EndGlobalSection
	GlobalSection(SolutionProperties) = preSolution
		HideSolutionNode = FALSE
	EndGlobalSection
	GlobalSection(ExtensibilityGlobals) = postSolution
		SolutionGuid = {4DF304C5-6987-4BF5-B9BD-FCB5B1812021}
	EndGlobalSection
EndGlobal
